
Microsoft Visual Studio Solution File, Format Version 12.00
# Visual Studio Version 17
VisualStudioVersion = 17.14.36408.4 d17.14
MinimumVisualStudioVersion = 10.0.40219.1
Project("{FAE04EC0-301F-11D3-BF4B-00C04F79EFBC}") = "The Story Spoiler System", "The Story Spoiler System\The Story Spoiler System.csproj", "{5F602877-DE9F-48AD-B229-EEA61402D748}"
EndProject
Global
	GlobalSection(SolutionConfigurationPlatforms) = preSolution
		Debug|Any CPU = Debug|Any CPU
		Release|Any CPU = Release|Any CPU
	EndGlobalSection
	GlobalSection(ProjectConfigurationPlatforms) = postSolution
		{5F602877-DE9F-48AD-B229-EEA61402D748}.Debug|Any CPU.ActiveCfg = Debug|Any CPU
		{5F602877-DE9F-48AD-B229-EEA61402D748}.Debug|Any CPU.Build.0 = Debug|Any CPU
		{5F602877-DE9F-48AD-B229-EEA61402D748}.Release|Any CPU.ActiveCfg = Release|Any CPU
		{5F602877-DE9F-48AD-B229-EEA61402D748}.Release|Any CPU.Build.0 = Release|Any CPU
	EndGlobalSection
	GlobalSection(SolutionProperties) = preSolution
		HideSolutionNode = FALSE
	EndGlobalSection
	GlobalSection(ExtensibilityGlobals) = postSolution
		SolutionGuid = {96D6CD31-A7E3-4ADF-AB07-DEEDDF8F4ACD}
	EndGlobalSection
EndGlobal
